
Microsoft Visual Studio Solution File, Format Version 12.00
# Visual Studio Version 17
VisualStudioVersion = 17.3.32929.385
MinimumVisualStudioVersion = 10.0.40219.1
Project("{FAE04EC0-301F-11D3-BF4B-00C04F79EFBC}") = "Clinical_Management_System", "Clinical_Management_System\Clinical_Management_System.csproj", "{D5C43CE2-4B2F-4015-9C92-6E5825CA5AE0}"
EndProject
Global
	GlobalSection(SolutionConfigurationPlatforms) = preSolution
		Debug|Any CPU = Debug|Any CPU
		Release|Any CPU = Release|Any CPU
	EndGlobalSection
	GlobalSection(ProjectConfigurationPlatforms) = postSolution
		{D5C43CE2-4B2F-4015-9C92-6E5825CA5AE0}.Debug|Any CPU.ActiveCfg = Debug|Any CPU
		{D5C43CE2-4B2F-4015-9C92-6E5825CA5AE0}.Debug|Any CPU.Build.0 = Debug|Any CPU
		{D5C43CE2-4B2F-4015-9C92-6E5825CA5AE0}.Release|Any CPU.ActiveCfg = Release|Any CPU
		{D5C43CE2-4B2F-4015-9C92-6E5825CA5AE0}.Release|Any CPU.Build.0 = Release|Any CPU
	EndGlobalSection
	GlobalSection(SolutionProperties) = preSolution
		HideSolutionNode = FALSE
	EndGlobalSection
	GlobalSection(ExtensibilityGlobals) = postSolution
		SolutionGuid = {1F1A57F5-0CD2-45D9-835B-58D1E858A831}
	EndGlobalSection
EndGlobal
